
Microsoft Visual Studio Solution File, Format Version 12.00
# Visual Studio Version 16
VisualStudioVersion = 16.0.31729.503
MinimumVisualStudioVersion = 10.0.40219.1
Project("{FAE04EC0-301F-11D3-BF4B-00C04F79EFBC}") = "dz4.1", "dz4\dz4.1.csproj", "{D474A747-799A-428D-9896-CF387C4ACAA9}"
EndProject
Project("{FAE04EC0-301F-11D3-BF4B-00C04F79EFBC}") = "dz4.2", "dz4.2\dz4.2.csproj", "{C23B04A9-B740-4BE8-A4EF-27C95FD296FE}"
EndProject
Project("{FAE04EC0-301F-11D3-BF4B-00C04F79EFBC}") = "dz4.3", "dz4.3\dz4.3.csproj", "{8986DAAC-7A6F-4BF8-8B59-85253A9AF5E9}"
EndProject
Global
	GlobalSection(SolutionConfigurationPlatforms) = preSolution
		Debug|Any CPU = Debug|Any CPU
		Release|Any CPU = Release|Any CPU
	EndGlobalSection
	GlobalSection(ProjectConfigurationPlatforms) = postSolution
		{D474A747-799A-428D-9896-CF387C4ACAA9}.Debug|Any CPU.ActiveCfg = Debug|Any CPU
		{D474A747-799A-428D-9896-CF387C4ACAA9}.Debug|Any CPU.Build.0 = Debug|Any CPU
		{D474A747-799A-428D-9896-CF387C4ACAA9}.Release|Any CPU.ActiveCfg = Release|Any CPU
		{D474A747-799A-428D-9896-CF387C4ACAA9}.Release|Any CPU.Build.0 = Release|Any CPU
		{C23B04A9-B740-4BE8-A4EF-27C95FD296FE}.Debug|Any CPU.ActiveCfg = Debug|Any CPU
		{C23B04A9-B740-4BE8-A4EF-27C95FD296FE}.Debug|Any CPU.Build.0 = Debug|Any CPU
		{C23B04A9-B740-4BE8-A4EF-27C95FD296FE}.Release|Any CPU.ActiveCfg = Release|Any CPU
		{C23B04A9-B740-4BE8-A4EF-27C95FD296FE}.Release|Any CPU.Build.0 = Release|Any CPU
		{8986DAAC-7A6F-4BF8-8B59-85253A9AF5E9}.Debug|Any CPU.ActiveCfg = Debug|Any CPU
		{8986DAAC-7A6F-4BF8-8B59-85253A9AF5E9}.Debug|Any CPU.Build.0 = Debug|Any CPU
		{8986DAAC-7A6F-4BF8-8B59-85253A9AF5E9}.Release|Any CPU.ActiveCfg = Release|Any CPU
		{8986DAAC-7A6F-4BF8-8B59-85253A9AF5E9}.Release|Any CPU.Build.0 = Release|Any CPU
	EndGlobalSection
	GlobalSection(SolutionProperties) = preSolution
		HideSolutionNode = FALSE
	EndGlobalSection
	GlobalSection(ExtensibilityGlobals) = postSolution
		SolutionGuid = {37B52EB4-50B1-4E06-83FB-D1ADB1664C09}
	EndGlobalSection
EndGlobal
